PODS:
  - PinpointKit (1.1.0):
    - PinpointKit/Core (= 1.1.0)
  - PinpointKit/Core (1.1.0)
  - SwiftLint (0.25.1)

DEPENDENCIES:
  - PinpointKit (from `../`)
  - SwiftLint (= 0.25.1)

SPEC REPOS:
  https://github.com/CocoaPods/Specs.git:
    - SwiftLint

EXTERNAL SOURCES:
  PinpointKit:
    :path: "../"

SPEC CHECKSUMS:
  PinpointKit: ad24405fecd2c1d74c0aa80d57c8a9fd0469890b
  SwiftLint: ce933681be10c3266e82576dad676fa815a602e9

PODFILE CHECKSUM: 24af8a2ca63352a72ca1cd13fc8977477eae3a12

COCOAPODS: 1.5.0
