PODS:
  - PinpointKit (0.9):
    - PinpointKit/Core (= 0.9)
    - PinpointKit/ScreenshotDetector (= 0.9)
  - PinpointKit/Core (0.9)
  - PinpointKit/ScreenshotDetector (0.9)

DEPENDENCIES:
  - PinpointKit (from `../`)

EXTERNAL SOURCES:
  PinpointKit:
    :path: ../

SPEC CHECKSUMS:
  PinpointKit: 05b43c8e211c2c5ed8cca77c2df495991fcf9a7c

PODFILE CHECKSUM: 57140b686c94ba1e5869bbc5b91a657c508da681

COCOAPODS: 1.0.1
