PODS:
  - PinpointKit (0.9):
    - PinpointKit/Core (= 0.9)
  - PinpointKit/Core (0.9)

DEPENDENCIES:
  - PinpointKit (from `../`)

EXTERNAL SOURCES:
  PinpointKit:
    :path: ../

SPEC CHECKSUMS:
  PinpointKit: 6d19d08afddfad2753aee95e2a6160f2d8d30764

PODFILE CHECKSUM: 57140b686c94ba1e5869bbc5b91a657c508da681

COCOAPODS: 1.0.1
