// !$*UTF8*$!
{
	archiveVersion = 1;
	classes = {
	};
	objectVersion = 46;
	objects = {

/* Begin PBXBuildFile section */
		2CB6C1F21C652D6400022CEB /* Feedback.swift in Sources */ = {isa = PBXBuildFile; fileRef = 2CB6C1F11C652D6400022CEB /* Feedback.swift */; };
		B929017E1C555F86007CCA5E /* EditImageViewController.swift in Sources */ = {isa = PBXBuildFile; fileRef = B929017D1C555F86007CCA5E /* EditImageViewController.swift */; };
		B92901811C556185007CCA5E /* UIGestureRecognizer+FailRecognizing.swift in Sources */ = {isa = PBXBuildFile; fileRef = B92901801C556185007CCA5E /* UIGestureRecognizer+FailRecognizing.swift */; };
		B92901841C55639B007CCA5E /* Fonts.swift in Sources */ = {isa = PBXBuildFile; fileRef = B92901831C55639B007CCA5E /* Fonts.swift */; };
		B92901861C55648A007CCA5E /* KeyboardAvoider.swift in Sources */ = {isa = PBXBuildFile; fileRef = B92901851C55648A007CCA5E /* KeyboardAvoider.swift */; };
		B929019B1C556774007CCA5E /* AnnotationView.swift in Sources */ = {isa = PBXBuildFile; fileRef = B92901991C556774007CCA5E /* AnnotationView.swift */; };
		B929019C1C556774007CCA5E /* ArrowAnnotationView.swift in Sources */ = {isa = PBXBuildFile; fileRef = B929019A1C556774007CCA5E /* ArrowAnnotationView.swift */; };
		B929019E1C556778007CCA5E /* BlurAnnotationView.swift in Sources */ = {isa = PBXBuildFile; fileRef = B929019D1C556778007CCA5E /* BlurAnnotationView.swift */; };
		B92901A11C55677C007CCA5E /* BoxAnnotationView.swift in Sources */ = {isa = PBXBuildFile; fileRef = B929019F1C55677C007CCA5E /* BoxAnnotationView.swift */; };
		B92901A21C55677C007CCA5E /* TextAnnotationView.swift in Sources */ = {isa = PBXBuildFile; fileRef = B92901A01C55677C007CCA5E /* TextAnnotationView.swift */; };
		B92901A51C556791007CCA5E /* Annotations.swift in Sources */ = {isa = PBXBuildFile; fileRef = B92901A41C556791007CCA5E /* Annotations.swift */; };
		B92901A71C5567EC007CCA5E /* BarButtonItem.swift in Sources */ = {isa = PBXBuildFile; fileRef = B92901A61C5567EC007CCA5E /* BarButtonItem.swift */; };
		B92901A91C556831007CCA5E /* AnnotationsView.swift in Sources */ = {isa = PBXBuildFile; fileRef = B92901A81C556831007CCA5E /* AnnotationsView.swift */; };
		B92901B31C557401007CCA5E /* AssetViewModel.swift in Sources */ = {isa = PBXBuildFile; fileRef = B92901B21C557401007CCA5E /* AssetViewModel.swift */; };
		B92901B71C557406007CCA5E /* BezierPath.swift in Sources */ = {isa = PBXBuildFile; fileRef = B92901B41C557406007CCA5E /* BezierPath.swift */; };
		B92901B81C557406007CCA5E /* Screen.swift in Sources */ = {isa = PBXBuildFile; fileRef = B92901B51C557406007CCA5E /* Screen.swift */; };
		B92901B91C557406007CCA5E /* StrokeLayoutManager.swift in Sources */ = {isa = PBXBuildFile; fileRef = B92901B61C557406007CCA5E /* StrokeLayoutManager.swift */; };
		DA0DA6061C53049B0012ADBE /* PinpointKit.h in Headers */ = {isa = PBXBuildFile; fileRef = DA0DA6051C53049B0012ADBE /* PinpointKit.h */; settings = {ATTRIBUTES = (Public, ); }; };
		DA0DA60D1C53049B0012ADBE /* PinpointKit.framework in Frameworks */ = {isa = PBXBuildFile; fileRef = DA0DA6021C53049B0012ADBE /* PinpointKit.framework */; };
		DA0DA6121C53049B0012ADBE /* PinpointKitTests.swift in Sources */ = {isa = PBXBuildFile; fileRef = DA0DA6111C53049B0012ADBE /* PinpointKitTests.swift */; };
		DA0DA61D1C5305C00012ADBE /* PinpointKit.swift in Sources */ = {isa = PBXBuildFile; fileRef = DA0DA61C1C5305C00012ADBE /* PinpointKit.swift */; };
		DA0DA61F1C5306E80012ADBE /* PinpointKitMedia.xcassets in Resources */ = {isa = PBXBuildFile; fileRef = DA0DA61E1C5306E80012ADBE /* PinpointKitMedia.xcassets */; };
/* End PBXBuildFile section */

/* Begin PBXContainerItemProxy section */
		DA0DA60E1C53049B0012ADBE /* PBXContainerItemProxy */ = {
			isa = PBXContainerItemProxy;
			containerPortal = DA0DA5F91C53049B0012ADBE /* Project object */;
			proxyType = 1;
			remoteGlobalIDString = DA0DA6011C53049B0012ADBE;
			remoteInfo = PinpointKit;
		};
/* End PBXContainerItemProxy section */

/* Begin PBXFileReference section */
		2CB6C1F11C652D6400022CEB /* Feedback.swift */ = {isa = PBXFileReference; fileEncoding = 4; lastKnownFileType = sourcecode.swift; name = Feedback.swift; path = Sources/Feedback.swift; sourceTree = "<group>"; };
		B929017D1C555F86007CCA5E /* EditImageViewController.swift */ = {isa = PBXFileReference; fileEncoding = 4; lastKnownFileType = sourcecode.swift; name = EditImageViewController.swift; path = Sources/EditImageViewController.swift; sourceTree = "<group>"; };
		B92901801C556185007CCA5E /* UIGestureRecognizer+FailRecognizing.swift */ = {isa = PBXFileReference; fileEncoding = 4; lastKnownFileType = sourcecode.swift; name = "UIGestureRecognizer+FailRecognizing.swift"; path = "Sources/UIGestureRecognizer+FailRecognizing.swift"; sourceTree = "<group>"; };
		B92901831C55639B007CCA5E /* Fonts.swift */ = {isa = PBXFileReference; fileEncoding = 4; lastKnownFileType = sourcecode.swift; name = Fonts.swift; path = Sources/Fonts.swift; sourceTree = "<group>"; };
		B92901851C55648A007CCA5E /* KeyboardAvoider.swift */ = {isa = PBXFileReference; fileEncoding = 4; lastKnownFileType = sourcecode.swift; name = KeyboardAvoider.swift; path = Sources/KeyboardAvoider.swift; sourceTree = "<group>"; };
		B92901991C556774007CCA5E /* AnnotationView.swift */ = {isa = PBXFileReference; fileEncoding = 4; lastKnownFileType = sourcecode.swift; name = AnnotationView.swift; path = Sources/AnnotationView.swift; sourceTree = "<group>"; };
		B929019A1C556774007CCA5E /* ArrowAnnotationView.swift */ = {isa = PBXFileReference; fileEncoding = 4; lastKnownFileType = sourcecode.swift; name = ArrowAnnotationView.swift; path = Sources/ArrowAnnotationView.swift; sourceTree = "<group>"; };
		B929019D1C556778007CCA5E /* BlurAnnotationView.swift */ = {isa = PBXFileReference; fileEncoding = 4; lastKnownFileType = sourcecode.swift; name = BlurAnnotationView.swift; path = Sources/BlurAnnotationView.swift; sourceTree = "<group>"; };
		B929019F1C55677C007CCA5E /* BoxAnnotationView.swift */ = {isa = PBXFileReference; fileEncoding = 4; lastKnownFileType = sourcecode.swift; name = BoxAnnotationView.swift; path = Sources/BoxAnnotationView.swift; sourceTree = "<group>"; };
		B92901A01C55677C007CCA5E /* TextAnnotationView.swift */ = {isa = PBXFileReference; fileEncoding = 4; lastKnownFileType = sourcecode.swift; name = TextAnnotationView.swift; path = Sources/TextAnnotationView.swift; sourceTree = "<group>"; };
		B92901A41C556791007CCA5E /* Annotations.swift */ = {isa = PBXFileReference; fileEncoding = 4; lastKnownFileType = sourcecode.swift; name = Annotations.swift; path = Sources/Annotations.swift; sourceTree = "<group>"; };
		B92901A61C5567EC007CCA5E /* BarButtonItem.swift */ = {isa = PBXFileReference; fileEncoding = 4; lastKnownFileType = sourcecode.swift; name = BarButtonItem.swift; path = Sources/BarButtonItem.swift; sourceTree = "<group>"; };
		B92901A81C556831007CCA5E /* AnnotationsView.swift */ = {isa = PBXFileReference; fileEncoding = 4; lastKnownFileType = sourcecode.swift; name = AnnotationsView.swift; path = Sources/AnnotationsView.swift; sourceTree = "<group>"; };
		B92901B21C557401007CCA5E /* AssetViewModel.swift */ = {isa = PBXFileReference; fileEncoding = 4; lastKnownFileType = sourcecode.swift; name = AssetViewModel.swift; path = Sources/AssetViewModel.swift; sourceTree = "<group>"; };
		B92901B41C557406007CCA5E /* BezierPath.swift */ = {isa = PBXFileReference; fileEncoding = 4; lastKnownFileType = sourcecode.swift; name = BezierPath.swift; path = Sources/BezierPath.swift; sourceTree = "<group>"; };
		B92901B51C557406007CCA5E /* Screen.swift */ = {isa = PBXFileReference; fileEncoding = 4; lastKnownFileType = sourcecode.swift; name = Screen.swift; path = Sources/Screen.swift; sourceTree = "<group>"; };
		B92901B61C557406007CCA5E /* StrokeLayoutManager.swift */ = {isa = PBXFileReference; fileEncoding = 4; lastKnownFileType = sourcecode.swift; name = StrokeLayoutManager.swift; path = Sources/StrokeLayoutManager.swift; sourceTree = "<group>"; };
		DA0DA6021C53049B0012ADBE /* PinpointKit.framework */ = {isa = PBXFileReference; explicitFileType = wrapper.framework; includeInIndex = 0; path = PinpointKit.framework; sourceTree = BUILT_PRODUCTS_DIR; };
		DA0DA6051C53049B0012ADBE /* PinpointKit.h */ = {isa = PBXFileReference; lastKnownFileType = sourcecode.c.h; path = PinpointKit.h; sourceTree = "<group>"; };
		DA0DA6071C53049B0012ADBE /* Info.plist */ = {isa = PBXFileReference; lastKnownFileType = text.plist.xml; path = Info.plist; sourceTree = "<group>"; };
		DA0DA60C1C53049B0012ADBE /* PinpointKitTests.xctest */ = {isa = PBXFileReference; explicitFileType = wrapper.cfbundle; includeInIndex = 0; path = PinpointKitTests.xctest; sourceTree = BUILT_PRODUCTS_DIR; };
		DA0DA6111C53049B0012ADBE /* PinpointKitTests.swift */ = {isa = PBXFileReference; lastKnownFileType = sourcecode.swift; path = PinpointKitTests.swift; sourceTree = "<group>"; };
		DA0DA6131C53049B0012ADBE /* Info.plist */ = {isa = PBXFileReference; lastKnownFileType = text.plist.xml; path = Info.plist; sourceTree = "<group>"; };
		DA0DA61C1C5305C00012ADBE /* PinpointKit.swift */ = {isa = PBXFileReference; fileEncoding = 4; lastKnownFileType = sourcecode.swift; name = PinpointKit.swift; path = Sources/PinpointKit.swift; sourceTree = "<group>"; };
		DA0DA61E1C5306E80012ADBE /* PinpointKitMedia.xcassets */ = {isa = PBXFileReference; lastKnownFileType = folder.assetcatalog; path = PinpointKitMedia.xcassets; sourceTree = "<group>"; };
/* End PBXFileReference section */

/* Begin PBXFrameworksBuildPhase section */
		DA0DA5FE1C53049B0012ADBE /* Frameworks */ = {
			isa = PBXFrameworksBuildPhase;
			buildActionMask = 2147483647;
			files = (
			);
			runOnlyForDeploymentPostprocessing = 0;
		};
		DA0DA6091C53049B0012ADBE /* Frameworks */ = {
			isa = PBXFrameworksBuildPhase;
			buildActionMask = 2147483647;
			files = (
				DA0DA60D1C53049B0012ADBE /* PinpointKit.framework in Frameworks */,
			);
			runOnlyForDeploymentPostprocessing = 0;
		};
/* End PBXFrameworksBuildPhase section */

/* Begin PBXGroup section */
		B929017F1C555FDB007CCA5E /* EditImageViewController */ = {
			isa = PBXGroup;
			children = (
				B92901B21C557401007CCA5E /* AssetViewModel.swift */,
				B92901A31C556783007CCA5E /* Annotations */,
				B92901871C55650A007CCA5E /* Views */,
				B929017D1C555F86007CCA5E /* EditImageViewController.swift */,
				B92901801C556185007CCA5E /* UIGestureRecognizer+FailRecognizing.swift */,
			);
			name = EditImageViewController;
			sourceTree = "<group>";
		};
		B92901821C556383007CCA5E /* Helpers */ = {
			isa = PBXGroup;
			children = (
				B92901831C55639B007CCA5E /* Fonts.swift */,
				B92901851C55648A007CCA5E /* KeyboardAvoider.swift */,
				B92901A61C5567EC007CCA5E /* BarButtonItem.swift */,
				B92901B41C557406007CCA5E /* BezierPath.swift */,
				B92901B51C557406007CCA5E /* Screen.swift */,
				B92901B61C557406007CCA5E /* StrokeLayoutManager.swift */,
			);
			name = Helpers;
			sourceTree = "<group>";
		};
		B92901871C55650A007CCA5E /* Views */ = {
			isa = PBXGroup;
			children = (
				B92901991C556774007CCA5E /* AnnotationView.swift */,
				B929019A1C556774007CCA5E /* ArrowAnnotationView.swift */,
				B929019D1C556778007CCA5E /* BlurAnnotationView.swift */,
				B929019F1C55677C007CCA5E /* BoxAnnotationView.swift */,
				B92901A01C55677C007CCA5E /* TextAnnotationView.swift */,
				B92901A81C556831007CCA5E /* AnnotationsView.swift */,
			);
			name = Views;
			sourceTree = "<group>";
		};
		B92901A31C556783007CCA5E /* Annotations */ = {
			isa = PBXGroup;
			children = (
				B92901A41C556791007CCA5E /* Annotations.swift */,
			);
			name = Annotations;
			sourceTree = "<group>";
		};
		DA0DA5F81C53049B0012ADBE = {
			isa = PBXGroup;
			children = (
				DA0DA6041C53049B0012ADBE /* PinpointKit */,
				DA0DA6101C53049B0012ADBE /* PinpointKitTests */,
				DA0DA6031C53049B0012ADBE /* Products */,
			);
			sourceTree = "<group>";
		};
		DA0DA6031C53049B0012ADBE /* Products */ = {
			isa = PBXGroup;
			children = (
				DA0DA6021C53049B0012ADBE /* PinpointKit.framework */,
				DA0DA60C1C53049B0012ADBE /* PinpointKitTests.xctest */,
			);
			name = Products;
			sourceTree = "<group>";
		};
		DA0DA6041C53049B0012ADBE /* PinpointKit */ = {
			isa = PBXGroup;
			children = (
				DA0DA6051C53049B0012ADBE /* PinpointKit.h */,
				DA0DA6071C53049B0012ADBE /* Info.plist */,
				DA0DA61C1C5305C00012ADBE /* PinpointKit.swift */,
				2CB6C1F11C652D6400022CEB /* Feedback.swift */,
				DA0DA61E1C5306E80012ADBE /* PinpointKitMedia.xcassets */,
				B92901821C556383007CCA5E /* Helpers */,
				B929017F1C555FDB007CCA5E /* EditImageViewController */,
			);
			path = PinpointKit;
			sourceTree = "<group>";
		};
		DA0DA6101C53049B0012ADBE /* PinpointKitTests */ = {
			isa = PBXGroup;
			children = (
				DA0DA6111C53049B0012ADBE /* PinpointKitTests.swift */,
				DA0DA6131C53049B0012ADBE /* Info.plist */,
			);
			path = PinpointKitTests;
			sourceTree = "<group>";
		};
/* End PBXGroup section */

/* Begin PBXHeadersBuildPhase section */
		DA0DA5FF1C53049B0012ADBE /* Headers */ = {
			isa = PBXHeadersBuildPhase;
			buildActionMask = 2147483647;
			files = (
				DA0DA6061C53049B0012ADBE /* PinpointKit.h in Headers */,
			);
			runOnlyForDeploymentPostprocessing = 0;
		};
/* End PBXHeadersBuildPhase section */

/* Begin PBXNativeTarget section */
		DA0DA6011C53049B0012ADBE /* PinpointKit */ = {
			isa = PBXNativeTarget;
			buildConfigurationList = DA0DA6161C53049B0012ADBE /* Build configuration list for PBXNativeTarget "PinpointKit" */;
			buildPhases = (
				DA0DA5FD1C53049B0012ADBE /* Sources */,
				DA0DA5FE1C53049B0012ADBE /* Frameworks */,
				DA0DA5FF1C53049B0012ADBE /* Headers */,
				DA0DA6001C53049B0012ADBE /* Resources */,
			);
			buildRules = (
			);
			dependencies = (
			);
			name = PinpointKit;
			productName = PinpointKit;
			productReference = DA0DA6021C53049B0012ADBE /* PinpointKit.framework */;
			productType = "com.apple.product-type.framework";
		};
		DA0DA60B1C53049B0012ADBE /* PinpointKitTests */ = {
			isa = PBXNativeTarget;
			buildConfigurationList = DA0DA6191C53049B0012ADBE /* Build configuration list for PBXNativeTarget "PinpointKitTests" */;
			buildPhases = (
				DA0DA6081C53049B0012ADBE /* Sources */,
				DA0DA6091C53049B0012ADBE /* Frameworks */,
				DA0DA60A1C53049B0012ADBE /* Resources */,
			);
			buildRules = (
			);
			dependencies = (
				DA0DA60F1C53049B0012ADBE /* PBXTargetDependency */,
			);
			name = PinpointKitTests;
			productName = PinpointKitTests;
			productReference = DA0DA60C1C53049B0012ADBE /* PinpointKitTests.xctest */;
			productType = "com.apple.product-type.bundle.unit-test";
		};
/* End PBXNativeTarget section */

/* Begin PBXProject section */
		DA0DA5F91C53049B0012ADBE /* Project object */ = {
			isa = PBXProject;
			attributes = {
				LastSwiftUpdateCheck = 0720;
				LastUpgradeCheck = 0720;
				ORGANIZATIONNAME = Lickability;
				TargetAttributes = {
					DA0DA6011C53049B0012ADBE = {
						CreatedOnToolsVersion = 7.2;
					};
					DA0DA60B1C53049B0012ADBE = {
						CreatedOnToolsVersion = 7.2;
					};
				};
			};
			buildConfigurationList = DA0DA5FC1C53049B0012ADBE /* Build configuration list for PBXProject "PinpointKit" */;
			compatibilityVersion = "Xcode 3.2";
			developmentRegion = English;
			hasScannedForEncodings = 0;
			knownRegions = (
				en,
			);
			mainGroup = DA0DA5F81C53049B0012ADBE;
			productRefGroup = DA0DA6031C53049B0012ADBE /* Products */;
			projectDirPath = "";
			projectRoot = "";
			targets = (
				DA0DA6011C53049B0012ADBE /* PinpointKit */,
				DA0DA60B1C53049B0012ADBE /* PinpointKitTests */,
			);
		};
/* End PBXProject section */

/* Begin PBXResourcesBuildPhase section */
		DA0DA6001C53049B0012ADBE /* Resources */ = {
			isa = PBXResourcesBuildPhase;
			buildActionMask = 2147483647;
			files = (
				DA0DA61F1C5306E80012ADBE /* PinpointKitMedia.xcassets in Resources */,
			);
			runOnlyForDeploymentPostprocessing = 0;
		};
		DA0DA60A1C53049B0012ADBE /* Resources */ = {
			isa = PBXResourcesBuildPhase;
			buildActionMask = 2147483647;
			files = (
			);
			runOnlyForDeploymentPostprocessing = 0;
		};
/* End PBXResourcesBuildPhase section */

/* Begin PBXSourcesBuildPhase section */
		DA0DA5FD1C53049B0012ADBE /* Sources */ = {
			isa = PBXSourcesBuildPhase;
			buildActionMask = 2147483647;
			files = (
				B92901A21C55677C007CCA5E /* TextAnnotationView.swift in Sources */,
				B92901B71C557406007CCA5E /* BezierPath.swift in Sources */,
				2CB6C1F21C652D6400022CEB /* Feedback.swift in Sources */,
				B92901861C55648A007CCA5E /* KeyboardAvoider.swift in Sources */,
				B929019C1C556774007CCA5E /* ArrowAnnotationView.swift in Sources */,
				B92901B91C557406007CCA5E /* StrokeLayoutManager.swift in Sources */,
				B92901A11C55677C007CCA5E /* BoxAnnotationView.swift in Sources */,
				B92901A91C556831007CCA5E /* AnnotationsView.swift in Sources */,
				B929019B1C556774007CCA5E /* AnnotationView.swift in Sources */,
				B92901B81C557406007CCA5E /* Screen.swift in Sources */,
				B92901841C55639B007CCA5E /* Fonts.swift in Sources */,
				B92901A71C5567EC007CCA5E /* BarButtonItem.swift in Sources */,
				B92901811C556185007CCA5E /* UIGestureRecognizer+FailRecognizing.swift in Sources */,
				B929017E1C555F86007CCA5E /* EditImageViewController.swift in Sources */,
				B929019E1C556778007CCA5E /* BlurAnnotationView.swift in Sources */,
				B92901A51C556791007CCA5E /* Annotations.swift in Sources */,
				DA0DA61D1C5305C00012ADBE /* PinpointKit.swift in Sources */,
				B92901B31C557401007CCA5E /* AssetViewModel.swift in Sources */,
			);
			runOnlyForDeploymentPostprocessing = 0;
		};
		DA0DA6081C53049B0012ADBE /* Sources */ = {
			isa = PBXSourcesBuildPhase;
			buildActionMask = 2147483647;
			files = (
				DA0DA6121C53049B0012ADBE /* PinpointKitTests.swift in Sources */,
			);
			runOnlyForDeploymentPostprocessing = 0;
		};
/* End PBXSourcesBuildPhase section */

/* Begin PBXTargetDependency section */
		DA0DA60F1C53049B0012ADBE /* PBXTargetDependency */ = {
			isa = PBXTargetDependency;
			target = DA0DA6011C53049B0012ADBE /* PinpointKit */;
			targetProxy = DA0DA60E1C53049B0012ADBE /* PBXContainerItemProxy */;
		};
/* End PBXTargetDependency section */

/* Begin XCBuildConfiguration section */
		DA0DA6141C53049B0012ADBE /* Debug */ = {
			isa = XCBuildConfiguration;
			buildSettings = {
				ALWAYS_SEARCH_USER_PATHS = NO;
				CLANG_CXX_LANGUAGE_STANDARD = "gnu++0x";
				CLANG_CXX_LIBRARY = "libc++";
				CLANG_ENABLE_MODULES = YES;
				CLANG_ENABLE_OBJC_ARC = YES;
				CLANG_WARN_BOOL_CONVERSION = YES;
				CLANG_WARN_CONSTANT_CONVERSION = YES;
				CLANG_WARN_DIRECT_OBJC_ISA_USAGE = YES_ERROR;
				CLANG_WARN_EMPTY_BODY = YES;
				CLANG_WARN_ENUM_CONVERSION = YES;
				CLANG_WARN_INT_CONVERSION = YES;
				CLANG_WARN_OBJC_ROOT_CLASS = YES_ERROR;
				CLANG_WARN_UNREACHABLE_CODE = YES;
				CLANG_WARN__DUPLICATE_METHOD_MATCH = YES;
				"CODE_SIGN_IDENTITY[sdk=iphoneos*]" = "iPhone Developer";
				COPY_PHASE_STRIP = NO;
				CURRENT_PROJECT_VERSION = 1;
				DEBUG_INFORMATION_FORMAT = dwarf;
				ENABLE_STRICT_OBJC_MSGSEND = YES;
				ENABLE_TESTABILITY = YES;
				GCC_C_LANGUAGE_STANDARD = gnu99;
				GCC_DYNAMIC_NO_PIC = NO;
				GCC_NO_COMMON_BLOCKS = YES;
				GCC_OPTIMIZATION_LEVEL = 0;
				GCC_PREPROCESSOR_DEFINITIONS = (
					"DEBUG=1",
					"$(inherited)",
				);
				GCC_WARN_64_TO_32_BIT_CONVERSION = YES;
				GCC_WARN_ABOUT_RETURN_TYPE = YES_ERROR;
				GCC_WARN_UNDECLARED_SELECTOR = YES;
				GCC_WARN_UNINITIALIZED_AUTOS = YES_AGGRESSIVE;
				GCC_WARN_UNUSED_FUNCTION = YES;
				GCC_WARN_UNUSED_VARIABLE = YES;
				IPHONEOS_DEPLOYMENT_TARGET = 9.2;
				MTL_ENABLE_DEBUG_INFO = YES;
				ONLY_ACTIVE_ARCH = YES;
				SDKROOT = iphoneos;
				SWIFT_OPTIMIZATION_LEVEL = "-Onone";
				TARGETED_DEVICE_FAMILY = "1,2";
				VERSIONING_SYSTEM = "apple-generic";
				VERSION_INFO_PREFIX = "";
			};
			name = Debug;
		};
		DA0DA6151C53049B0012ADBE /* Release */ = {
			isa = XCBuildConfiguration;
			buildSettings = {
				ALWAYS_SEARCH_USER_PATHS = NO;
				CLANG_CXX_LANGUAGE_STANDARD = "gnu++0x";
				CLANG_CXX_LIBRARY = "libc++";
				CLANG_ENABLE_MODULES = YES;
				CLANG_ENABLE_OBJC_ARC = YES;
				CLANG_WARN_BOOL_CONVERSION = YES;
				CLANG_WARN_CONSTANT_CONVERSION = YES;
				CLANG_WARN_DIRECT_OBJC_ISA_USAGE = YES_ERROR;
				CLANG_WARN_EMPTY_BODY = YES;
				CLANG_WARN_ENUM_CONVERSION = YES;
				CLANG_WARN_INT_CONVERSION = YES;
				CLANG_WARN_OBJC_ROOT_CLASS = YES_ERROR;
				CLANG_WARN_UNREACHABLE_CODE = YES;
				CLANG_WARN__DUPLICATE_METHOD_MATCH = YES;
				"CODE_SIGN_IDENTITY[sdk=iphoneos*]" = "iPhone Developer";
				COPY_PHASE_STRIP = NO;
				CURRENT_PROJECT_VERSION = 1;
				DEBUG_INFORMATION_FORMAT = "dwarf-with-dsym";
				ENABLE_NS_ASSERTIONS = NO;
				ENABLE_STRICT_OBJC_MSGSEND = YES;
				GCC_C_LANGUAGE_STANDARD = gnu99;
				GCC_NO_COMMON_BLOCKS = YES;
				GCC_WARN_64_TO_32_BIT_CONVERSION = YES;
				GCC_WARN_ABOUT_RETURN_TYPE = YES_ERROR;
				GCC_WARN_UNDECLARED_SELECTOR = YES;
				GCC_WARN_UNINITIALIZED_AUTOS = YES_AGGRESSIVE;
				GCC_WARN_UNUSED_FUNCTION = YES;
				GCC_WARN_UNUSED_VARIABLE = YES;
				IPHONEOS_DEPLOYMENT_TARGET = 9.2;
				MTL_ENABLE_DEBUG_INFO = NO;
				SDKROOT = iphoneos;
				TARGETED_DEVICE_FAMILY = "1,2";
				VALIDATE_PRODUCT = YES;
				VERSIONING_SYSTEM = "apple-generic";
				VERSION_INFO_PREFIX = "";
			};
			name = Release;
		};
		DA0DA6171C53049B0012ADBE /* Debug */ = {
			isa = XCBuildConfiguration;
			buildSettings = {
				CLANG_ENABLE_MODULES = YES;
				DEFINES_MODULE = YES;
				DYLIB_COMPATIBILITY_VERSION = 1;
				DYLIB_CURRENT_VERSION = 1;
				DYLIB_INSTALL_NAME_BASE = "@rpath";
				INFOPLIST_FILE = PinpointKit/Info.plist;
				INSTALL_PATH = "$(LOCAL_LIBRARY_DIR)/Frameworks";
				LD_RUNPATH_SEARCH_PATHS = "$(inherited) @executable_path/Frameworks @loader_path/Frameworks";
				PRODUCT_BUNDLE_IDENTIFIER = net.Lickability.PinpointKit;
				PRODUCT_NAME = "$(TARGET_NAME)";
				SKIP_INSTALL = YES;
				SWIFT_OPTIMIZATION_LEVEL = "-Onone";
			};
			name = Debug;
		};
		DA0DA6181C53049B0012ADBE /* Release */ = {
			isa = XCBuildConfiguration;
			buildSettings = {
				CLANG_ENABLE_MODULES = YES;
				DEFINES_MODULE = YES;
				DYLIB_COMPATIBILITY_VERSION = 1;
				DYLIB_CURRENT_VERSION = 1;
				DYLIB_INSTALL_NAME_BASE = "@rpath";
				INFOPLIST_FILE = PinpointKit/Info.plist;
				INSTALL_PATH = "$(LOCAL_LIBRARY_DIR)/Frameworks";
				LD_RUNPATH_SEARCH_PATHS = "$(inherited) @executable_path/Frameworks @loader_path/Frameworks";
				PRODUCT_BUNDLE_IDENTIFIER = net.Lickability.PinpointKit;
				PRODUCT_NAME = "$(TARGET_NAME)";
				SKIP_INSTALL = YES;
			};
			name = Release;
		};
		DA0DA61A1C53049B0012ADBE /* Debug */ = {
			isa = XCBuildConfiguration;
			buildSettings = {
				INFOPLIST_FILE = PinpointKitTests/Info.plist;
				LD_RUNPATH_SEARCH_PATHS = "$(inherited) @executable_path/Frameworks @loader_path/Frameworks";
				PRODUCT_BUNDLE_IDENTIFIER = net.Lickability.PinpointKitTests;
				PRODUCT_NAME = "$(TARGET_NAME)";
			};
			name = Debug;
		};
		DA0DA61B1C53049B0012ADBE /* Release */ = {
			isa = XCBuildConfiguration;
			buildSettings = {
				INFOPLIST_FILE = PinpointKitTests/Info.plist;
				LD_RUNPATH_SEARCH_PATHS = "$(inherited) @executable_path/Frameworks @loader_path/Frameworks";
				PRODUCT_BUNDLE_IDENTIFIER = net.Lickability.PinpointKitTests;
				PRODUCT_NAME = "$(TARGET_NAME)";
			};
			name = Release;
		};
/* End XCBuildConfiguration section */

/* Begin XCConfigurationList section */
		DA0DA5FC1C53049B0012ADBE /* Build configuration list for PBXProject "PinpointKit" */ = {
			isa = XCConfigurationList;
			buildConfigurations = (
				DA0DA6141C53049B0012ADBE /* Debug */,
				DA0DA6151C53049B0012ADBE /* Release */,
			);
			defaultConfigurationIsVisible = 0;
			defaultConfigurationName = Release;
		};
		DA0DA6161C53049B0012ADBE /* Build configuration list for PBXNativeTarget "PinpointKit" */ = {
			isa = XCConfigurationList;
			buildConfigurations = (
				DA0DA6171C53049B0012ADBE /* Debug */,
				DA0DA6181C53049B0012ADBE /* Release */,
			);
			defaultConfigurationIsVisible = 0;
			defaultConfigurationName = Release;
		};
		DA0DA6191C53049B0012ADBE /* Build configuration list for PBXNativeTarget "PinpointKitTests" */ = {
			isa = XCConfigurationList;
			buildConfigurations = (
				DA0DA61A1C53049B0012ADBE /* Debug */,
				DA0DA61B1C53049B0012ADBE /* Release */,
			);
			defaultConfigurationIsVisible = 0;
			defaultConfigurationName = Release;
		};
/* End XCConfigurationList section */
	};
	rootObject = DA0DA5F91C53049B0012ADBE /* Project object */;
}
