// !$*UTF8*$!
{
	archiveVersion = 1;
	classes = {
	};
	objectVersion = 46;
	objects = {

/* Begin PBXBuildFile section */
		D290DFBE3C684FD056738E1C /* Pods_PinpointKitExample.framework in Frameworks */ = {isa = PBXBuildFile; fileRef = E79A301E064CB7777D42A59C /* Pods_PinpointKitExample.framework */; };
		DA19C3E81C67D4420016861F /* AppDelegate.swift in Sources */ = {isa = PBXBuildFile; fileRef = DA19C3E71C67D4420016861F /* AppDelegate.swift */; };
		DA19C3EA1C67D4420016861F /* ViewController.swift in Sources */ = {isa = PBXBuildFile; fileRef = DA19C3E91C67D4420016861F /* ViewController.swift */; };
		DA19C3ED1C67D4420016861F /* Main.storyboard in Resources */ = {isa = PBXBuildFile; fileRef = DA19C3EB1C67D4420016861F /* Main.storyboard */; };
		DA19C3EF1C67D4420016861F /* Assets.xcassets in Resources */ = {isa = PBXBuildFile; fileRef = DA19C3EE1C67D4420016861F /* Assets.xcassets */; };
		DA19C3F21C67D4420016861F /* LaunchScreen.storyboard in Resources */ = {isa = PBXBuildFile; fileRef = DA19C3F01C67D4420016861F /* LaunchScreen.storyboard */; };
/* End PBXBuildFile section */

/* Begin PBXFileReference section */
		043312B73ABE453B100EB875 /* Pods-PinpointKitExample.release.xcconfig */ = {isa = PBXFileReference; includeInIndex = 1; lastKnownFileType = text.xcconfig; name = "Pods-PinpointKitExample.release.xcconfig"; path = "Pods/Target Support Files/Pods-PinpointKitExample/Pods-PinpointKitExample.release.xcconfig"; sourceTree = "<group>"; };
		B38C00C57F922ED4177A0F43 /* Pods-PinpointKitExample.debug.xcconfig */ = {isa = PBXFileReference; includeInIndex = 1; lastKnownFileType = text.xcconfig; name = "Pods-PinpointKitExample.debug.xcconfig"; path = "Pods/Target Support Files/Pods-PinpointKitExample/Pods-PinpointKitExample.debug.xcconfig"; sourceTree = "<group>"; };
		CF688765B5280BAD02835FE4 /* Pods.framework */ = {isa = PBXFileReference; explicitFileType = wrapper.framework; includeInIndex = 0; path = Pods.framework; sourceTree = BUILT_PRODUCTS_DIR; };
		DA19C3E41C67D4420016861F /* PinpointKitExample.app */ = {isa = PBXFileReference; explicitFileType = wrapper.application; includeInIndex = 0; path = PinpointKitExample.app; sourceTree = BUILT_PRODUCTS_DIR; };
		DA19C3E71C67D4420016861F /* AppDelegate.swift */ = {isa = PBXFileReference; lastKnownFileType = sourcecode.swift; path = AppDelegate.swift; sourceTree = "<group>"; };
		DA19C3E91C67D4420016861F /* ViewController.swift */ = {isa = PBXFileReference; lastKnownFileType = sourcecode.swift; path = ViewController.swift; sourceTree = "<group>"; };
		DA19C3EC1C67D4420016861F /* Base */ = {isa = PBXFileReference; lastKnownFileType = file.storyboard; name = Base; path = Base.lproj/Main.storyboard; sourceTree = "<group>"; };
		DA19C3EE1C67D4420016861F /* Assets.xcassets */ = {isa = PBXFileReference; lastKnownFileType = folder.assetcatalog; path = Assets.xcassets; sourceTree = "<group>"; };
		DA19C3F11C67D4420016861F /* Base */ = {isa = PBXFileReference; lastKnownFileType = file.storyboard; name = Base; path = Base.lproj/LaunchScreen.storyboard; sourceTree = "<group>"; };
		DA19C3F31C67D4420016861F /* Info.plist */ = {isa = PBXFileReference; lastKnownFileType = text.plist.xml; path = Info.plist; sourceTree = "<group>"; };
		E79A301E064CB7777D42A59C /* Pods_PinpointKitExample.framework */ = {isa = PBXFileReference; explicitFileType = wrapper.framework; includeInIndex = 0; path = Pods_PinpointKitExample.framework; sourceTree = BUILT_PRODUCTS_DIR; };
/* End PBXFileReference section */

/* Begin PBXFrameworksBuildPhase section */
		DA19C3E11C67D4420016861F /* Frameworks */ = {
			isa = PBXFrameworksBuildPhase;
			buildActionMask = 2147483647;
			files = (
				D290DFBE3C684FD056738E1C /* Pods_PinpointKitExample.framework in Frameworks */,
			);
			runOnlyForDeploymentPostprocessing = 0;
		};
/* End PBXFrameworksBuildPhase section */

/* Begin PBXGroup section */
		01AC0C8114B943C0EDD2BAB5 /* Pods */ = {
			isa = PBXGroup;
			children = (
				B38C00C57F922ED4177A0F43 /* Pods-PinpointKitExample.debug.xcconfig */,
				043312B73ABE453B100EB875 /* Pods-PinpointKitExample.release.xcconfig */,
			);
			name = Pods;
			sourceTree = "<group>";
		};
		48BBA8E23BB99CF07B58DB02 /* Frameworks */ = {
			isa = PBXGroup;
			children = (
				CF688765B5280BAD02835FE4 /* Pods.framework */,
				E79A301E064CB7777D42A59C /* Pods_PinpointKitExample.framework */,
			);
			name = Frameworks;
			sourceTree = "<group>";
		};
		DA19C3DB1C67D4420016861F = {
			isa = PBXGroup;
			children = (
				DA19C3E61C67D4420016861F /* PinpointKitExample */,
				DA19C3E51C67D4420016861F /* Products */,
				48BBA8E23BB99CF07B58DB02 /* Frameworks */,
				01AC0C8114B943C0EDD2BAB5 /* Pods */,
			);
			sourceTree = "<group>";
		};
		DA19C3E51C67D4420016861F /* Products */ = {
			isa = PBXGroup;
			children = (
				DA19C3E41C67D4420016861F /* PinpointKitExample.app */,
			);
			name = Products;
			sourceTree = "<group>";
		};
		DA19C3E61C67D4420016861F /* PinpointKitExample */ = {
			isa = PBXGroup;
			children = (
				DA19C3E71C67D4420016861F /* AppDelegate.swift */,
				DA19C3E91C67D4420016861F /* ViewController.swift */,
				DA19C3EB1C67D4420016861F /* Main.storyboard */,
				DA19C3EE1C67D4420016861F /* Assets.xcassets */,
				DA19C3F01C67D4420016861F /* LaunchScreen.storyboard */,
				DA19C3F31C67D4420016861F /* Info.plist */,
			);
			path = PinpointKitExample;
			sourceTree = "<group>";
		};
/* End PBXGroup section */

/* Begin PBXNativeTarget section */
		DA19C3E31C67D4420016861F /* PinpointKitExample */ = {
			isa = PBXNativeTarget;
			buildConfigurationList = DA19C3F61C67D4420016861F /* Build configuration list for PBXNativeTarget "PinpointKitExample" */;
			buildPhases = (
				072623A5468F27A0975A871A /* [CP] Check Pods Manifest.lock */,
				DA19C3E01C67D4420016861F /* Sources */,
				DA19C3E11C67D4420016861F /* Frameworks */,
				DA19C3E21C67D4420016861F /* Resources */,
				E9FAB3019A9E163A9B828A51 /* [CP] Embed Pods Frameworks */,
				F2ACE9C71CEF90FD00A461E5 /* Swiftlint */,
			);
			buildRules = (
			);
			dependencies = (
			);
			name = PinpointKitExample;
			productName = PinpointKitExample;
			productReference = DA19C3E41C67D4420016861F /* PinpointKitExample.app */;
			productType = "com.apple.product-type.application";
		};
/* End PBXNativeTarget section */

/* Begin PBXProject section */
		DA19C3DC1C67D4420016861F /* Project object */ = {
			isa = PBXProject;
			attributes = {
				LastSwiftUpdateCheck = 0720;
				LastUpgradeCheck = 0930;
				ORGANIZATIONNAME = Lickability;
				TargetAttributes = {
					DA19C3E31C67D4420016861F = {
						CreatedOnToolsVersion = 7.2.1;
						LastSwiftMigration = 1020;
					};
				};
			};
			buildConfigurationList = DA19C3DF1C67D4420016861F /* Build configuration list for PBXProject "PinpointKitExample" */;
			compatibilityVersion = "Xcode 3.2";
			developmentRegion = en;
			hasScannedForEncodings = 0;
			knownRegions = (
				en,
				Base,
			);
			mainGroup = DA19C3DB1C67D4420016861F;
			productRefGroup = DA19C3E51C67D4420016861F /* Products */;
			projectDirPath = "";
			projectRoot = "";
			targets = (
				DA19C3E31C67D4420016861F /* PinpointKitExample */,
			);
		};
/* End PBXProject section */

/* Begin PBXResourcesBuildPhase section */
		DA19C3E21C67D4420016861F /* Resources */ = {
			isa = PBXResourcesBuildPhase;
			buildActionMask = 2147483647;
			files = (
				DA19C3F21C67D4420016861F /* LaunchScreen.storyboard in Resources */,
				DA19C3EF1C67D4420016861F /* Assets.xcassets in Resources */,
				DA19C3ED1C67D4420016861F /* Main.storyboard in Resources */,
			);
			runOnlyForDeploymentPostprocessing = 0;
		};
/* End PBXResourcesBuildPhase section */

/* Begin PBXShellScriptBuildPhase section */
		072623A5468F27A0975A871A /* [CP] Check Pods Manifest.lock */ = {
			isa = PBXShellScriptBuildPhase;
			buildActionMask = 2147483647;
			files = (
			);
			inputPaths = (
				"${PODS_PODFILE_DIR_PATH}/Podfile.lock",
				"${PODS_ROOT}/Manifest.lock",
			);
			name = "[CP] Check Pods Manifest.lock";
			outputPaths = (
				"$(DERIVED_FILE_DIR)/Pods-PinpointKitExample-checkManifestLockResult.txt",
			);
			runOnlyForDeploymentPostprocessing = 0;
			shellPath = /bin/sh;
			shellScript = "diff \"${PODS_PODFILE_DIR_PATH}/Podfile.lock\" \"${PODS_ROOT}/Manifest.lock\" > /dev/null\nif [ $? != 0 ] ; then\n    # print error to STDERR\n    echo \"error: The sandbox is not in sync with the Podfile.lock. Run 'pod install' or update your CocoaPods installation.\" >&2\n    exit 1\nfi\n# This output is used by Xcode 'outputs' to avoid re-running this script phase.\necho \"SUCCESS\" > \"${SCRIPT_OUTPUT_FILE_0}\"\n";
			showEnvVarsInLog = 0;
		};
		E9FAB3019A9E163A9B828A51 /* [CP] Embed Pods Frameworks */ = {
			isa = PBXShellScriptBuildPhase;
			buildActionMask = 2147483647;
			files = (
			);
			inputPaths = (
				"${SRCROOT}/Pods/Target Support Files/Pods-PinpointKitExample/Pods-PinpointKitExample-frameworks.sh",
				"${BUILT_PRODUCTS_DIR}/PinpointKit/PinpointKit.framework",
			);
			name = "[CP] Embed Pods Frameworks";
			outputPaths = (
				"${TARGET_BUILD_DIR}/${FRAMEWORKS_FOLDER_PATH}/PinpointKit.framework",
			);
			runOnlyForDeploymentPostprocessing = 0;
			shellPath = /bin/sh;
			shellScript = "\"${SRCROOT}/Pods/Target Support Files/Pods-PinpointKitExample/Pods-PinpointKitExample-frameworks.sh\"\n";
			showEnvVarsInLog = 0;
		};
		F2ACE9C71CEF90FD00A461E5 /* Swiftlint */ = {
			isa = PBXShellScriptBuildPhase;
			buildActionMask = 2147483647;
			files = (
			);
			inputPaths = (
			);
			name = Swiftlint;
			outputPaths = (
			);
			runOnlyForDeploymentPostprocessing = 0;
			shellPath = /bin/sh;
			shellScript = "\"${PODS_ROOT}\"/SwiftLint/swiftlint lint --config ../.swiftlint.yml\n\ncd ../PinpointKit\n\"${PODS_ROOT}\"/SwiftLint/swiftlint lint --config ../.swiftlint.yml";
		};
/* End PBXShellScriptBuildPhase section */

/* Begin PBXSourcesBuildPhase section */
		DA19C3E01C67D4420016861F /* Sources */ = {
			isa = PBXSourcesBuildPhase;
			buildActionMask = 2147483647;
			files = (
				DA19C3EA1C67D4420016861F /* ViewController.swift in Sources */,
				DA19C3E81C67D4420016861F /* AppDelegate.swift in Sources */,
			);
			runOnlyForDeploymentPostprocessing = 0;
		};
/* End PBXSourcesBuildPhase section */

/* Begin PBXVariantGroup section */
		DA19C3EB1C67D4420016861F /* Main.storyboard */ = {
			isa = PBXVariantGroup;
			children = (
				DA19C3EC1C67D4420016861F /* Base */,
			);
			name = Main.storyboard;
			sourceTree = "<group>";
		};
		DA19C3F01C67D4420016861F /* LaunchScreen.storyboard */ = {
			isa = PBXVariantGroup;
			children = (
				DA19C3F11C67D4420016861F /* Base */,
			);
			name = LaunchScreen.storyboard;
			sourceTree = "<group>";
		};
/* End PBXVariantGroup section */

/* Begin XCBuildConfiguration section */
		DA19C3F41C67D4420016861F /* Debug */ = {
			isa = XCBuildConfiguration;
			buildSettings = {
				ALWAYS_SEARCH_USER_PATHS = NO;
				CLANG_CXX_LANGUAGE_STANDARD = "gnu++0x";
				CLANG_CXX_LIBRARY = "libc++";
				CLANG_ENABLE_MODULES = YES;
				CLANG_ENABLE_OBJC_ARC = YES;
				CLANG_WARN_BLOCK_CAPTURE_AUTORELEASING = YES;
				CLANG_WARN_BOOL_CONVERSION = YES;
				CLANG_WARN_COMMA = YES;
				CLANG_WARN_CONSTANT_CONVERSION = YES;
				CLANG_WARN_DEPRECATED_OBJC_IMPLEMENTATIONS = YES;
				CLANG_WARN_DIRECT_OBJC_ISA_USAGE = YES_ERROR;
				CLANG_WARN_EMPTY_BODY = YES;
				CLANG_WARN_ENUM_CONVERSION = YES;
				CLANG_WARN_INFINITE_RECURSION = YES;
				CLANG_WARN_INT_CONVERSION = YES;
				CLANG_WARN_NON_LITERAL_NULL_CONVERSION = YES;
				CLANG_WARN_OBJC_IMPLICIT_RETAIN_SELF = YES;
				CLANG_WARN_OBJC_LITERAL_CONVERSION = YES;
				CLANG_WARN_OBJC_ROOT_CLASS = YES_ERROR;
				CLANG_WARN_RANGE_LOOP_ANALYSIS = YES;
				CLANG_WARN_STRICT_PROTOTYPES = YES;
				CLANG_WARN_SUSPICIOUS_MOVE = YES;
				CLANG_WARN_UNREACHABLE_CODE = YES;
				CLANG_WARN__DUPLICATE_METHOD_MATCH = YES;
				"CODE_SIGN_IDENTITY[sdk=iphoneos*]" = "iPhone Developer";
				COPY_PHASE_STRIP = NO;
				DEBUG_INFORMATION_FORMAT = dwarf;
				ENABLE_STRICT_OBJC_MSGSEND = YES;
				ENABLE_TESTABILITY = YES;
				GCC_C_LANGUAGE_STANDARD = gnu99;
				GCC_DYNAMIC_NO_PIC = NO;
				GCC_NO_COMMON_BLOCKS = YES;
				GCC_OPTIMIZATION_LEVEL = 0;
				GCC_PREPROCESSOR_DEFINITIONS = (
					"DEBUG=1",
					"$(inherited)",
				);
				GCC_WARN_64_TO_32_BIT_CONVERSION = YES;
				GCC_WARN_ABOUT_RETURN_TYPE = YES_ERROR;
				GCC_WARN_UNDECLARED_SELECTOR = YES;
				GCC_WARN_UNINITIALIZED_AUTOS = YES_AGGRESSIVE;
				GCC_WARN_UNUSED_FUNCTION = YES;
				GCC_WARN_UNUSED_VARIABLE = YES;
				IPHONEOS_DEPLOYMENT_TARGET = 9.2;
				MTL_ENABLE_DEBUG_INFO = YES;
				ONLY_ACTIVE_ARCH = YES;
				SDKROOT = iphoneos;
				SWIFT_OPTIMIZATION_LEVEL = "-Onone";
				SWIFT_VERSION = 5.0;
				TARGETED_DEVICE_FAMILY = "1,2";
			};
			name = Debug;
		};
		DA19C3F51C67D4420016861F /* Release */ = {
			isa = XCBuildConfiguration;
			buildSettings = {
				ALWAYS_SEARCH_USER_PATHS = NO;
				CLANG_CXX_LANGUAGE_STANDARD = "gnu++0x";
				CLANG_CXX_LIBRARY = "libc++";
				CLANG_ENABLE_MODULES = YES;
				CLANG_ENABLE_OBJC_ARC = YES;
				CLANG_WARN_BLOCK_CAPTURE_AUTORELEASING = YES;
				CLANG_WARN_BOOL_CONVERSION = YES;
				CLANG_WARN_COMMA = YES;
				CLANG_WARN_CONSTANT_CONVERSION = YES;
				CLANG_WARN_DEPRECATED_OBJC_IMPLEMENTATIONS = YES;
				CLANG_WARN_DIRECT_OBJC_ISA_USAGE = YES_ERROR;
				CLANG_WARN_EMPTY_BODY = YES;
				CLANG_WARN_ENUM_CONVERSION = YES;
				CLANG_WARN_INFINITE_RECURSION = YES;
				CLANG_WARN_INT_CONVERSION = YES;
				CLANG_WARN_NON_LITERAL_NULL_CONVERSION = YES;
				CLANG_WARN_OBJC_IMPLICIT_RETAIN_SELF = YES;
				CLANG_WARN_OBJC_LITERAL_CONVERSION = YES;
				CLANG_WARN_OBJC_ROOT_CLASS = YES_ERROR;
				CLANG_WARN_RANGE_LOOP_ANALYSIS = YES;
				CLANG_WARN_STRICT_PROTOTYPES = YES;
				CLANG_WARN_SUSPICIOUS_MOVE = YES;
				CLANG_WARN_UNREACHABLE_CODE = YES;
				CLANG_WARN__DUPLICATE_METHOD_MATCH = YES;
				"CODE_SIGN_IDENTITY[sdk=iphoneos*]" = "iPhone Developer";
				COPY_PHASE_STRIP = NO;
				DEBUG_INFORMATION_FORMAT = "dwarf-with-dsym";
				ENABLE_NS_ASSERTIONS = NO;
				ENABLE_STRICT_OBJC_MSGSEND = YES;
				GCC_C_LANGUAGE_STANDARD = gnu99;
				GCC_NO_COMMON_BLOCKS = YES;
				GCC_WARN_64_TO_32_BIT_CONVERSION = YES;
				GCC_WARN_ABOUT_RETURN_TYPE = YES_ERROR;
				GCC_WARN_UNDECLARED_SELECTOR = YES;
				GCC_WARN_UNINITIALIZED_AUTOS = YES_AGGRESSIVE;
				GCC_WARN_UNUSED_FUNCTION = YES;
				GCC_WARN_UNUSED_VARIABLE = YES;
				IPHONEOS_DEPLOYMENT_TARGET = 9.2;
				MTL_ENABLE_DEBUG_INFO = NO;
				SDKROOT = iphoneos;
				SWIFT_VERSION = 5.0;
				TARGETED_DEVICE_FAMILY = "1,2";
				VALIDATE_PRODUCT = YES;
			};
			name = Release;
		};
		DA19C3F71C67D4420016861F /* Debug */ = {
			isa = XCBuildConfiguration;
			baseConfigurationReference = B38C00C57F922ED4177A0F43 /* Pods-PinpointKitExample.debug.xcconfig */;
			buildSettings = {
				ASSETCATALOG_COMPILER_APPICON_NAME = AppIcon;
				INFOPLIST_FILE = PinpointKitExample/Info.plist;
				LD_RUNPATH_SEARCH_PATHS = "$(inherited) @executable_path/Frameworks";
				MARKETING_VERSION = 1.5.0;
				PRODUCT_BUNDLE_IDENTIFIER = net.Lickability.PinpointKitExample;
				PRODUCT_NAME = "$(TARGET_NAME)";
			};
			name = Debug;
		};
		DA19C3F81C67D4420016861F /* Release */ = {
			isa = XCBuildConfiguration;
			baseConfigurationReference = 043312B73ABE453B100EB875 /* Pods-PinpointKitExample.release.xcconfig */;
			buildSettings = {
				ASSETCATALOG_COMPILER_APPICON_NAME = AppIcon;
				INFOPLIST_FILE = PinpointKitExample/Info.plist;
				LD_RUNPATH_SEARCH_PATHS = "$(inherited) @executable_path/Frameworks";
				MARKETING_VERSION = 1.5.0;
				PRODUCT_BUNDLE_IDENTIFIER = net.Lickability.PinpointKitExample;
				PRODUCT_NAME = "$(TARGET_NAME)";
				SWIFT_OPTIMIZATION_LEVEL = "-Owholemodule";
			};
			name = Release;
		};
/* End XCBuildConfiguration section */

/* Begin XCConfigurationList section */
		DA19C3DF1C67D4420016861F /* Build configuration list for PBXProject "PinpointKitExample" */ = {
			isa = XCConfigurationList;
			buildConfigurations = (
				DA19C3F41C67D4420016861F /* Debug */,
				DA19C3F51C67D4420016861F /* Release */,
			);
			defaultConfigurationIsVisible = 0;
			defaultConfigurationName = Release;
		};
		DA19C3F61C67D4420016861F /* Build configuration list for PBXNativeTarget "PinpointKitExample" */ = {
			isa = XCConfigurationList;
			buildConfigurations = (
				DA19C3F71C67D4420016861F /* Debug */,
				DA19C3F81C67D4420016861F /* Release */,
			);
			defaultConfigurationIsVisible = 0;
			defaultConfigurationName = Release;
		};
/* End XCConfigurationList section */
	};
	rootObject = DA19C3DC1C67D4420016861F /* Project object */;
}
